dependencies:
- name: crds
  repository: ""
  version: 0.0.0
- name: kube-state-metrics
  repository: https://prometheus-community.github.io/helm-charts
  version: 5.12.1
- name: prometheus-node-exporter
  repository: https://prometheus-community.github.io/helm-charts
  version: 4.23.2
- name: grafana
  repository: https://grafana.github.io/helm-charts
  version: 6.59.5
- name: prometheus-windows-exporter
  repository: https://prometheus-community.github.io/helm-charts
  version: 0.1.1
digest: sha256:ee050d878967968aaf240857533f15f3eefb445a5fdc6462a55a913872f4464c
generated: "2023-10-11T18:43:16.912137+03:00"
